
Microsoft Visual Studio Solution File, Format Version 12.00
# Visual Studio 15
VisualStudioVersion = 15.0.28307.271
MinimumVisualStudioVersion = 10.0.40219.1
Project("{FAE04EC0-301F-11D3-BF4B-00C04F79EFBC}") = "StLouisRestaurantGuide", "StLouisRestaurantGuide\StLouisRestaurantGuide.csproj", "{DED0AE8D-0B92-48A0-A36E-BD986F8BA0B3}"
EndProject
Global
	GlobalSection(SolutionConfigurationPlatforms) = preSolution
		Debug|Any CPU = Debug|Any CPU
		Release|Any CPU = Release|Any CPU
	EndGlobalSection
	GlobalSection(ProjectConfigurationPlatforms) = postSolution
		{DED0AE8D-0B92-48A0-A36E-BD986F8BA0B3}.Debug|Any CPU.ActiveCfg = Debug|Any CPU
		{DED0AE8D-0B92-48A0-A36E-BD986F8BA0B3}.Debug|Any CPU.Build.0 = Debug|Any CPU
		{DED0AE8D-0B92-48A0-A36E-BD986F8BA0B3}.Release|Any CPU.ActiveCfg = Release|Any CPU
		{DED0AE8D-0B92-48A0-A36E-BD986F8BA0B3}.Release|Any CPU.Build.0 = Release|Any CPU
	EndGlobalSection
	GlobalSection(SolutionProperties) = preSolution
		HideSolutionNode = FALSE
	EndGlobalSection
	GlobalSection(ExtensibilityGlobals) = postSolution
		SolutionGuid = {41AED7E0-3C79-4FA2-B3AC-AF930D26E99C}
	EndGlobalSection
EndGlobal
